
Microsoft Visual Studio Solution File, Format Version 12.00
Project("{FAE04EC0-301F-11D3-BF4B-00C04F79EFBC}") = "Authentication.Core", "Authentication.Core\Authentication.Core.csproj", "{E6BEA338-276B-410A-AAB2-623C3AFBD9DE}"
EndProject
Project("{FAE04EC0-301F-11D3-BF4B-00C04F79EFBC}") = "Authentication.Repositories", "Authentication.Repositories\Authentication.Repositories.csproj", "{EBE6391C-E200-4020-9639-082989EDBEE7}"
EndProject
Project("{FAE04EC0-301F-11D3-BF4B-00C04F79EFBC}") = "Authentication.Services", "Authentication.Services\Authentication.Services.csproj", "{D15498E4-88C7-42D2-9C67-50AF4CF041E3}"
EndProject
Project("{FAE04EC0-301F-11D3-BF4B-00C04F79EFBC}") = "Authentication.API", "Authentication.API\Authentication.API.csproj", "{514E2FB4-489D-4989-AC8D-12777CBF0CF2}"
EndProject
Global
	GlobalSection(SolutionConfigurationPlatforms) = preSolution
		Debug|Any CPU = Debug|Any CPU
		Release|Any CPU = Release|Any CPU
	EndGlobalSection
	GlobalSection(ProjectConfigurationPlatforms) = postSolution
		{E6BEA338-276B-410A-AAB2-623C3AFBD9DE}.Debug|Any CPU.ActiveCfg = Debug|Any CPU
		{E6BEA338-276B-410A-AAB2-623C3AFBD9DE}.Debug|Any CPU.Build.0 = Debug|Any CPU
		{E6BEA338-276B-410A-AAB2-623C3AFBD9DE}.Release|Any CPU.ActiveCfg = Release|Any CPU
		{E6BEA338-276B-410A-AAB2-623C3AFBD9DE}.Release|Any CPU.Build.0 = Release|Any CPU
		{EBE6391C-E200-4020-9639-082989EDBEE7}.Debug|Any CPU.ActiveCfg = Debug|Any CPU
		{EBE6391C-E200-4020-9639-082989EDBEE7}.Debug|Any CPU.Build.0 = Debug|Any CPU
		{EBE6391C-E200-4020-9639-082989EDBEE7}.Release|Any CPU.ActiveCfg = Release|Any CPU
		{EBE6391C-E200-4020-9639-082989EDBEE7}.Release|Any CPU.Build.0 = Release|Any CPU
		{D15498E4-88C7-42D2-9C67-50AF4CF041E3}.Debug|Any CPU.ActiveCfg = Debug|Any CPU
		{D15498E4-88C7-42D2-9C67-50AF4CF041E3}.Debug|Any CPU.Build.0 = Debug|Any CPU
		{D15498E4-88C7-42D2-9C67-50AF4CF041E3}.Release|Any CPU.ActiveCfg = Release|Any CPU
		{D15498E4-88C7-42D2-9C67-50AF4CF041E3}.Release|Any CPU.Build.0 = Release|Any CPU
		{514E2FB4-489D-4989-AC8D-12777CBF0CF2}.Debug|Any CPU.ActiveCfg = Debug|Any CPU
		{514E2FB4-489D-4989-AC8D-12777CBF0CF2}.Debug|Any CPU.Build.0 = Debug|Any CPU
		{514E2FB4-489D-4989-AC8D-12777CBF0CF2}.Release|Any CPU.ActiveCfg = Release|Any CPU
		{514E2FB4-489D-4989-AC8D-12777CBF0CF2}.Release|Any CPU.Build.0 = Release|Any CPU
	EndGlobalSection
EndGlobal
